
Microsoft Visual Studio Solution File, Format Version 12.00
# Visual Studio 15
VisualStudioVersion = 15.0.27428.2043
MinimumVisualStudioVersion = 10.0.40219.1
Project("{9A19103F-16F7-4668-BE54-9A1E7A4F7556}") = "DanSerialiser", "DanSerialiser\DanSerialiser.csproj", "{3696FA7B-8F36-4BC5-AD9B-8D82798F6F08}"
	ProjectSection(ProjectDependencies) = postProject
		{B77CDC9F-B6A0-4EEB-B8A8-0A27026A35B7} = {B77CDC9F-B6A0-4EEB-B8A8-0A27026A35B7}
	EndProjectSection
EndProject
Project("{9A19103F-16F7-4668-BE54-9A1E7A4F7556}") = "Tester", "Tester\Tester.csproj", "{307D1879-965C-4C39-939F-C19D65981A22}"
EndProject
Project("{9A19103F-16F7-4668-BE54-9A1E7A4F7556}") = "UnitTests", "UnitTests\UnitTests.csproj", "{E4E8CC17-C86F-4B93-A166-E96E0949A7F4}"
EndProject
Project("{9A19103F-16F7-4668-BE54-9A1E7A4F7556}") = "DanSerialiserAnalyser", "DanSerialiserAnalyser\DanSerialiserAnalyser.csproj", "{B77CDC9F-B6A0-4EEB-B8A8-0A27026A35B7}"
EndProject
Project("{9A19103F-16F7-4668-BE54-9A1E7A4F7556}") = "DanSerialiserAnalyser.UnitTests", "DanSerialiserAnalyser.UnitTests\DanSerialiserAnalyser.UnitTests.csproj", "{E712C8DE-DAB5-4616-9302-4D0799E779BF}"
EndProject
Project("{2150E333-8FDC-42A3-9474-1A3956D46DE8}") = "Analyser", "Analyser", "{5AFDE923-FD9A-453B-A547-855F9C7B61DC}"
EndProject
Project("{FAE04EC0-301F-11D3-BF4B-00C04F79EFBC}") = "Benchmarking", "Benchmarking\Benchmarking.csproj", "{CACD4872-DE0B-4EFE-B78A-4B6EF0CE1AEA}"
EndProject
Global
	GlobalSection(SolutionConfigurationPlatforms) = preSolution
		Debug|Any CPU = Debug|Any CPU
		Release|Any CPU = Release|Any CPU
	EndGlobalSection
	GlobalSection(ProjectConfigurationPlatforms) = postSolution
		{3696FA7B-8F36-4BC5-AD9B-8D82798F6F08}.Debug|Any CPU.ActiveCfg = Debug|Any CPU
		{3696FA7B-8F36-4BC5-AD9B-8D82798F6F08}.Debug|Any CPU.Build.0 = Debug|Any CPU
		{3696FA7B-8F36-4BC5-AD9B-8D82798F6F08}.Release|Any CPU.ActiveCfg = Release|Any CPU
		{3696FA7B-8F36-4BC5-AD9B-8D82798F6F08}.Release|Any CPU.Build.0 = Release|Any CPU
		{307D1879-965C-4C39-939F-C19D65981A22}.Debug|Any CPU.ActiveCfg = Debug|Any CPU
		{307D1879-965C-4C39-939F-C19D65981A22}.Debug|Any CPU.Build.0 = Debug|Any CPU
		{307D1879-965C-4C39-939F-C19D65981A22}.Release|Any CPU.ActiveCfg = Release|Any CPU
		{307D1879-965C-4C39-939F-C19D65981A22}.Release|Any CPU.Build.0 = Release|Any CPU
		{E4E8CC17-C86F-4B93-A166-E96E0949A7F4}.Debug|Any CPU.ActiveCfg = Debug|Any CPU
		{E4E8CC17-C86F-4B93-A166-E96E0949A7F4}.Debug|Any CPU.Build.0 = Debug|Any CPU
		{E4E8CC17-C86F-4B93-A166-E96E0949A7F4}.Release|Any CPU.ActiveCfg = Release|Any CPU
		{E4E8CC17-C86F-4B93-A166-E96E0949A7F4}.Release|Any CPU.Build.0 = Release|Any CPU
		{B77CDC9F-B6A0-4EEB-B8A8-0A27026A35B7}.Debug|Any CPU.ActiveCfg = Debug|Any CPU
		{B77CDC9F-B6A0-4EEB-B8A8-0A27026A35B7}.Debug|Any CPU.Build.0 = Debug|Any CPU
		{B77CDC9F-B6A0-4EEB-B8A8-0A27026A35B7}.Release|Any CPU.ActiveCfg = Release|Any CPU
		{B77CDC9F-B6A0-4EEB-B8A8-0A27026A35B7}.Release|Any CPU.Build.0 = Release|Any CPU
		{E712C8DE-DAB5-4616-9302-4D0799E779BF}.Debug|Any CPU.ActiveCfg = Debug|Any CPU
		{E712C8DE-DAB5-4616-9302-4D0799E779BF}.Debug|Any CPU.Build.0 = Debug|Any CPU
		{E712C8DE-DAB5-4616-9302-4D0799E779BF}.Release|Any CPU.ActiveCfg = Release|Any CPU
		{E712C8DE-DAB5-4616-9302-4D0799E779BF}.Release|Any CPU.Build.0 = Release|Any CPU
		{CACD4872-DE0B-4EFE-B78A-4B6EF0CE1AEA}.Debug|Any CPU.ActiveCfg = Debug|Any CPU
		{CACD4872-DE0B-4EFE-B78A-4B6EF0CE1AEA}.Debug|Any CPU.Build.0 = Debug|Any CPU
		{CACD4872-DE0B-4EFE-B78A-4B6EF0CE1AEA}.Release|Any CPU.ActiveCfg = Release|Any CPU
		{CACD4872-DE0B-4EFE-B78A-4B6EF0CE1AEA}.Release|Any CPU.Build.0 = Release|Any CPU
	EndGlobalSection
	GlobalSection(SolutionProperties) = preSolution
		HideSolutionNode = FALSE
	EndGlobalSection
	GlobalSection(NestedProjects) = preSolution
		{B77CDC9F-B6A0-4EEB-B8A8-0A27026A35B7} = {5AFDE923-FD9A-453B-A547-855F9C7B61DC}
		{E712C8DE-DAB5-4616-9302-4D0799E779BF} = {5AFDE923-FD9A-453B-A547-855F9C7B61DC}
	EndGlobalSection
	GlobalSection(ExtensibilityGlobals) = postSolution
		SolutionGuid = {B6F80995-829C-4E2E-BF1F-AED8E03A3A7F}
	EndGlobalSection
EndGlobal
